
Microsoft Visual Studio Solution File, Format Version 12.00
# Visual Studio Version 16
VisualStudioVersion = 16.0.30523.141
MinimumVisualStudioVersion = 10.0.40219.1
Project("{FAE04EC0-301F-11D3-BF4B-00C04F79EFBC}") = "WebApplication1", "WebApplication1.csproj", "{3CF8DF60-52D9-49E8-A006-6FBD0CB12881}"
EndProject
Project("{9A19103F-16F7-4668-BE54-9A1E7A4F7556}") = "WebApplication1ML.Model", "..\WebApplication1ML.Model\WebApplication1ML.Model.csproj", "{3D3EDC11-3ADF-46BB-A247-7F862481FA1B}"
EndProject
Project("{9A19103F-16F7-4668-BE54-9A1E7A4F7556}") = "WebApplication1ML.ConsoleApp", "..\WebApplication1ML.ConsoleApp\WebApplication1ML.ConsoleApp.csproj", "{B4F8E3CA-F76D-4346-8E69-C0B676281706}"
EndProject
Global
	GlobalSection(SolutionConfigurationPlatforms) = preSolution
		Debug|Any CPU = Debug|Any CPU
		Release|Any CPU = Release|Any CPU
	EndGlobalSection
	GlobalSection(ProjectConfigurationPlatforms) = postSolution
		{3CF8DF60-52D9-49E8-A006-6FBD0CB12881}.Debug|Any CPU.ActiveCfg = Debug|Any CPU
		{3CF8DF60-52D9-49E8-A006-6FBD0CB12881}.Debug|Any CPU.Build.0 = Debug|Any CPU
		{3CF8DF60-52D9-49E8-A006-6FBD0CB12881}.Release|Any CPU.ActiveCfg = Release|Any CPU
		{3CF8DF60-52D9-49E8-A006-6FBD0CB12881}.Release|Any CPU.Build.0 = Release|Any CPU
		{3D3EDC11-3ADF-46BB-A247-7F862481FA1B}.Debug|Any CPU.ActiveCfg = Debug|Any CPU
		{3D3EDC11-3ADF-46BB-A247-7F862481FA1B}.Debug|Any CPU.Build.0 = Debug|Any CPU
		{3D3EDC11-3ADF-46BB-A247-7F862481FA1B}.Release|Any CPU.ActiveCfg = Release|Any CPU
		{3D3EDC11-3ADF-46BB-A247-7F862481FA1B}.Release|Any CPU.Build.0 = Release|Any CPU
		{B4F8E3CA-F76D-4346-8E69-C0B676281706}.Debug|Any CPU.ActiveCfg = Debug|Any CPU
		{B4F8E3CA-F76D-4346-8E69-C0B676281706}.Debug|Any CPU.Build.0 = Debug|Any CPU
		{B4F8E3CA-F76D-4346-8E69-C0B676281706}.Release|Any CPU.ActiveCfg = Release|Any CPU
		{B4F8E3CA-F76D-4346-8E69-C0B676281706}.Release|Any CPU.Build.0 = Release|Any CPU
	EndGlobalSection
	GlobalSection(SolutionProperties) = preSolution
		HideSolutionNode = FALSE
	EndGlobalSection
	GlobalSection(ExtensibilityGlobals) = postSolution
		SolutionGuid = {7F45B110-1FB2-4ACD-8586-158165007481}
	EndGlobalSection
EndGlobal
