
Microsoft Visual Studio Solution File, Format Version 12.00
# Visual Studio Version 16
VisualStudioVersion = 16.0.30523.141
MinimumVisualStudioVersion = 10.0.40219.1
Project("{9A19103F-16F7-4668-BE54-9A1E7A4F7556}") = "semantic", "semantic.csproj", "{D1E2A8C7-8173-4B58-843C-3FA306C65F97}"
EndProject
Project("{9A19103F-16F7-4668-BE54-9A1E7A4F7556}") = "semanticML.Model", "..\semanticML.Model\semanticML.Model.csproj", "{D21FE59D-98C9-4FA0-AEC1-3F8AB3DA24BE}"
EndProject
Project("{9A19103F-16F7-4668-BE54-9A1E7A4F7556}") = "semanticML.ConsoleApp", "..\semanticML.ConsoleApp\semanticML.ConsoleApp.csproj", "{5FD99FFB-032C-4BCA-A151-7511F180470C}"
EndProject
Global
	GlobalSection(SolutionConfigurationPlatforms) = preSolution
		Debug|Any CPU = Debug|Any CPU
		Release|Any CPU = Release|Any CPU
	EndGlobalSection
	GlobalSection(ProjectConfigurationPlatforms) = postSolution
		{D1E2A8C7-8173-4B58-843C-3FA306C65F97}.Debug|Any CPU.ActiveCfg = Debug|Any CPU
		{D1E2A8C7-8173-4B58-843C-3FA306C65F97}.Debug|Any CPU.Build.0 = Debug|Any CPU
		{D1E2A8C7-8173-4B58-843C-3FA306C65F97}.Release|Any CPU.ActiveCfg = Release|Any CPU
		{D1E2A8C7-8173-4B58-843C-3FA306C65F97}.Release|Any CPU.Build.0 = Release|Any CPU
		{D21FE59D-98C9-4FA0-AEC1-3F8AB3DA24BE}.Debug|Any CPU.ActiveCfg = Debug|Any CPU
		{D21FE59D-98C9-4FA0-AEC1-3F8AB3DA24BE}.Debug|Any CPU.Build.0 = Debug|Any CPU
		{D21FE59D-98C9-4FA0-AEC1-3F8AB3DA24BE}.Release|Any CPU.ActiveCfg = Release|Any CPU
		{D21FE59D-98C9-4FA0-AEC1-3F8AB3DA24BE}.Release|Any CPU.Build.0 = Release|Any CPU
		{5FD99FFB-032C-4BCA-A151-7511F180470C}.Debug|Any CPU.ActiveCfg = Debug|Any CPU
		{5FD99FFB-032C-4BCA-A151-7511F180470C}.Debug|Any CPU.Build.0 = Debug|Any CPU
		{5FD99FFB-032C-4BCA-A151-7511F180470C}.Release|Any CPU.ActiveCfg = Release|Any CPU
		{5FD99FFB-032C-4BCA-A151-7511F180470C}.Release|Any CPU.Build.0 = Release|Any CPU
	EndGlobalSection
	GlobalSection(SolutionProperties) = preSolution
		HideSolutionNode = FALSE
	EndGlobalSection
	GlobalSection(ExtensibilityGlobals) = postSolution
		SolutionGuid = {9D2358DF-07C2-4760-8D7D-F7F8AE1265A7}
	EndGlobalSection
EndGlobal
