
Microsoft Visual Studio Solution File, Format Version 12.00
# Visual Studio Version 16
VisualStudioVersion = 16.0.30523.141
MinimumVisualStudioVersion = 10.0.40219.1
Project("{FAE04EC0-301F-11D3-BF4B-00C04F79EFBC}") = "WebApplication4", "WebApplication4.csproj", "{07B63B11-25D5-44B8-98C8-D58BB4ADB2D2}"
EndProject
Project("{9A19103F-16F7-4668-BE54-9A1E7A4F7556}") = "WebApplication4ML.Model", "..\WebApplication4ML.Model\WebApplication4ML.Model.csproj", "{FAB991BC-7CFF-40A9-9588-C079BDA77CC6}"
EndProject
Project("{9A19103F-16F7-4668-BE54-9A1E7A4F7556}") = "WebApplication4ML.ConsoleApp", "..\WebApplication4ML.ConsoleApp\WebApplication4ML.ConsoleApp.csproj", "{7016BB58-BC1D-4B34-A211-282B6095FA74}"
EndProject
Global
	GlobalSection(SolutionConfigurationPlatforms) = preSolution
		Debug|Any CPU = Debug|Any CPU
		Release|Any CPU = Release|Any CPU
	EndGlobalSection
	GlobalSection(ProjectConfigurationPlatforms) = postSolution
		{07B63B11-25D5-44B8-98C8-D58BB4ADB2D2}.Debug|Any CPU.ActiveCfg = Debug|Any CPU
		{07B63B11-25D5-44B8-98C8-D58BB4ADB2D2}.Debug|Any CPU.Build.0 = Debug|Any CPU
		{07B63B11-25D5-44B8-98C8-D58BB4ADB2D2}.Release|Any CPU.ActiveCfg = Release|Any CPU
		{07B63B11-25D5-44B8-98C8-D58BB4ADB2D2}.Release|Any CPU.Build.0 = Release|Any CPU
		{FAB991BC-7CFF-40A9-9588-C079BDA77CC6}.Debug|Any CPU.ActiveCfg = Debug|Any CPU
		{FAB991BC-7CFF-40A9-9588-C079BDA77CC6}.Debug|Any CPU.Build.0 = Debug|Any CPU
		{FAB991BC-7CFF-40A9-9588-C079BDA77CC6}.Release|Any CPU.ActiveCfg = Release|Any CPU
		{FAB991BC-7CFF-40A9-9588-C079BDA77CC6}.Release|Any CPU.Build.0 = Release|Any CPU
		{7016BB58-BC1D-4B34-A211-282B6095FA74}.Debug|Any CPU.ActiveCfg = Debug|Any CPU
		{7016BB58-BC1D-4B34-A211-282B6095FA74}.Debug|Any CPU.Build.0 = Debug|Any CPU
		{7016BB58-BC1D-4B34-A211-282B6095FA74}.Release|Any CPU.ActiveCfg = Release|Any CPU
		{7016BB58-BC1D-4B34-A211-282B6095FA74}.Release|Any CPU.Build.0 = Release|Any CPU
	EndGlobalSection
	GlobalSection(SolutionProperties) = preSolution
		HideSolutionNode = FALSE
	EndGlobalSection
	GlobalSection(ExtensibilityGlobals) = postSolution
		SolutionGuid = {CB7A411F-5E7D-4DB4-B169-C302788459C7}
	EndGlobalSection
EndGlobal
