
Microsoft Visual Studio Solution File, Format Version 12.00
# Visual Studio 15
VisualStudioVersion = 15.0.28307.1259
MinimumVisualStudioVersion = 10.0.40219.1
Project("{FAE04EC0-301F-11D3-BF4B-00C04F79EFBC}") = "ConsoleApp2", "ConsoleApp2\ConsoleApp2.csproj", "{BB5745B5-8E53-4456-9B91-A7EBDC7ACB30}"
EndProject
Global
	GlobalSection(SolutionConfigurationPlatforms) = preSolution
		Debug|Any CPU = Debug|Any CPU
		Release|Any CPU = Release|Any CPU
	EndGlobalSection
	GlobalSection(ProjectConfigurationPlatforms) = postSolution
		{BB5745B5-8E53-4456-9B91-A7EBDC7ACB30}.Debug|Any CPU.ActiveCfg = Debug|Any CPU
		{BB5745B5-8E53-4456-9B91-A7EBDC7ACB30}.Debug|Any CPU.Build.0 = Debug|Any CPU
		{BB5745B5-8E53-4456-9B91-A7EBDC7ACB30}.Release|Any CPU.ActiveCfg = Release|Any CPU
		{BB5745B5-8E53-4456-9B91-A7EBDC7ACB30}.Release|Any CPU.Build.0 = Release|Any CPU
	EndGlobalSection
	GlobalSection(SolutionProperties) = preSolution
		HideSolutionNode = FALSE
	EndGlobalSection
	GlobalSection(ExtensibilityGlobals) = postSolution
		SolutionGuid = {881D0E15-6480-47B9-B7FB-B8DC21CBD894}
	EndGlobalSection
EndGlobal
