
Microsoft Visual Studio Solution File, Format Version 12.00
# Visual Studio 15
VisualStudioVersion = 15.0.28307.1259
MinimumVisualStudioVersion = 10.0.40219.1
Project("{FAE04EC0-301F-11D3-BF4B-00C04F79EFBC}") = "WebApplication2", "WebApplication2\WebApplication2.csproj", "{E83CF3D0-620D-4E2D-B6D6-D0E8F3F82466}"
EndProject
Global
	GlobalSection(SolutionConfigurationPlatforms) = preSolution
		Debug|Any CPU = Debug|Any CPU
		Release|Any CPU = Release|Any CPU
	EndGlobalSection
	GlobalSection(ProjectConfigurationPlatforms) = postSolution
		{E83CF3D0-620D-4E2D-B6D6-D0E8F3F82466}.Debug|Any CPU.ActiveCfg = Debug|Any CPU
		{E83CF3D0-620D-4E2D-B6D6-D0E8F3F82466}.Debug|Any CPU.Build.0 = Debug|Any CPU
		{E83CF3D0-620D-4E2D-B6D6-D0E8F3F82466}.Release|Any CPU.ActiveCfg = Release|Any CPU
		{E83CF3D0-620D-4E2D-B6D6-D0E8F3F82466}.Release|Any CPU.Build.0 = Release|Any CPU
	EndGlobalSection
	GlobalSection(SolutionProperties) = preSolution
		HideSolutionNode = FALSE
	EndGlobalSection
	GlobalSection(ExtensibilityGlobals) = postSolution
		SolutionGuid = {3A06675A-3B1D-4701-BAC0-EFAC1D06A767}
	EndGlobalSection
EndGlobal
