
Microsoft Visual Studio Solution File, Format Version 12.00
# Visual Studio Version 16
VisualStudioVersion = 16.0.30523.141
MinimumVisualStudioVersion = 10.0.40219.1
Project("{FAE04EC0-301F-11D3-BF4B-00C04F79EFBC}") = "demo", "demo.csproj", "{DAA923FA-A703-4495-8877-19F46085501C}"
EndProject
Global
	GlobalSection(SolutionConfigurationPlatforms) = preSolution
		Debug|Any CPU = Debug|Any CPU
		Release|Any CPU = Release|Any CPU
	EndGlobalSection
	GlobalSection(ProjectConfigurationPlatforms) = postSolution
		{DAA923FA-A703-4495-8877-19F46085501C}.Debug|Any CPU.ActiveCfg = Debug|Any CPU
		{DAA923FA-A703-4495-8877-19F46085501C}.Debug|Any CPU.Build.0 = Debug|Any CPU
		{DAA923FA-A703-4495-8877-19F46085501C}.Release|Any CPU.ActiveCfg = Release|Any CPU
		{DAA923FA-A703-4495-8877-19F46085501C}.Release|Any CPU.Build.0 = Release|Any CPU
	EndGlobalSection
	GlobalSection(SolutionProperties) = preSolution
		HideSolutionNode = FALSE
	EndGlobalSection
	GlobalSection(ExtensibilityGlobals) = postSolution
		SolutionGuid = {A057DE24-C692-4690-B06C-85627D435ECA}
	EndGlobalSection
EndGlobal
