
Microsoft Visual Studio Solution File, Format Version 12.00
# Visual Studio Version 16
VisualStudioVersion = 16.0.30523.141
MinimumVisualStudioVersion = 10.0.40219.1
Project("{FAE04EC0-301F-11D3-BF4B-00C04F79EFBC}") = "WebApplication5", "WebApplication5.csproj", "{1DD16BC5-8909-47AC-8E3B-C28E1341B864}"
EndProject
Global
	GlobalSection(SolutionConfigurationPlatforms) = preSolution
		Debug|Any CPU = Debug|Any CPU
		Release|Any CPU = Release|Any CPU
	EndGlobalSection
	GlobalSection(ProjectConfigurationPlatforms) = postSolution
		{1DD16BC5-8909-47AC-8E3B-C28E1341B864}.Debug|Any CPU.ActiveCfg = Debug|Any CPU
		{1DD16BC5-8909-47AC-8E3B-C28E1341B864}.Debug|Any CPU.Build.0 = Debug|Any CPU
		{1DD16BC5-8909-47AC-8E3B-C28E1341B864}.Release|Any CPU.ActiveCfg = Release|Any CPU
		{1DD16BC5-8909-47AC-8E3B-C28E1341B864}.Release|Any CPU.Build.0 = Release|Any CPU
	EndGlobalSection
	GlobalSection(SolutionProperties) = preSolution
		HideSolutionNode = FALSE
	EndGlobalSection
	GlobalSection(ExtensibilityGlobals) = postSolution
		SolutionGuid = {96E31CD9-1DB1-4326-B5E0-032A87B5CAC7}
	EndGlobalSection
EndGlobal
